// !$*UTF8*$!
{
	archiveVersion = 1;
	classes = {
	};
	objectVersion = 56;
	objects = {

/* Begin PBXBuildFile section */
		81A909972C4D15710053BFC8 /* iVictory_AdminPanelApp.swift in Sources */ = {isa = PBXBuildFile; fileRef = 81A909962C4D15710053BFC8 /* iVictory_AdminPanelApp.swift */; };
		81A909992C4D15710053BFC8 /* AllQuestionsView.swift in Sources */ = {isa = PBXBuildFile; fileRef = 81A909982C4D15710053BFC8 /* AllQuestionsView.swift */; };
		81A9099B2C4D15770053BFC8 /* Assets.xcassets in Resources */ = {isa = PBXBuildFile; fileRef = 81A9099A2C4D15770053BFC8 /* Assets.xcassets */; };
		81A9099E2C4D15770053BFC8 /* Preview Assets.xcassets in Resources */ = {isa = PBXBuildFile; fileRef = 81A9099D2C4D15770053BFC8 /* Preview Assets.xcassets */; };
		81A909A52C4D17B80053BFC8 /* GoogleService-Info.plist in Resources */ = {isa = PBXBuildFile; fileRef = 81A909A42C4D17B80053BFC8 /* GoogleService-Info.plist */; };
		81A909B42C4D19940053BFC8 /* AuthService.swift in Sources */ = {isa = PBXBuildFile; fileRef = 81A909AF2C4D19940053BFC8 /* AuthService.swift */; };
		81A909B52C4D19940053BFC8 /* DateHelper.swift in Sources */ = {isa = PBXBuildFile; fileRef = 81A909B02C4D19940053BFC8 /* DateHelper.swift */; };
		81A909B62C4D19940053BFC8 /* FirestoreService.swift in Sources */ = {isa = PBXBuildFile; fileRef = 81A909B12C4D19940053BFC8 /* FirestoreService.swift */; };
		81A909B72C4D19940053BFC8 /* StorageService.swift in Sources */ = {isa = PBXBuildFile; fileRef = 81A909B22C4D19940053BFC8 /* StorageService.swift */; };
		81A909BA2C4D1BC50053BFC8 /* FirebaseAuth in Frameworks */ = {isa = PBXBuildFile; productRef = 81A909B92C4D1BC50053BFC8 /* FirebaseAuth */; };
		81A909BC2C4D1BC50053BFC8 /* FirebaseAuthCombine-Community in Frameworks */ = {isa = PBXBuildFile; productRef = 81A909BB2C4D1BC50053BFC8 /* FirebaseAuthCombine-Community */; };
		81A909BE2C4D1BC50053BFC8 /* FirebaseFirestore in Frameworks */ = {isa = PBXBuildFile; productRef = 81A909BD2C4D1BC50053BFC8 /* FirebaseFirestore */; };
		81A909C02C4D1BC50053BFC8 /* FirebaseFirestoreCombine-Community in Frameworks */ = {isa = PBXBuildFile; productRef = 81A909BF2C4D1BC50053BFC8 /* FirebaseFirestoreCombine-Community */; };
		81A909C22C4D1BC50053BFC8 /* FirebaseFirestoreSwift in Frameworks */ = {isa = PBXBuildFile; productRef = 81A909C12C4D1BC50053BFC8 /* FirebaseFirestoreSwift */; };
		81A909C42C4D1BC50053BFC8 /* FirebaseStorage in Frameworks */ = {isa = PBXBuildFile; productRef = 81A909C32C4D1BC50053BFC8 /* FirebaseStorage */; };
		81A909C62C4D1BC50053BFC8 /* FirebaseStorageCombine-Community in Frameworks */ = {isa = PBXBuildFile; productRef = 81A909C52C4D1BC50053BFC8 /* FirebaseStorageCombine-Community */; };
		81A909CB2C4D1C020053BFC8 /* Game.swift in Sources */ = {isa = PBXBuildFile; fileRef = 81A909C72C4D1C020053BFC8 /* Game.swift */; };
		81A909CC2C4D1C020053BFC8 /* Player.swift in Sources */ = {isa = PBXBuildFile; fileRef = 81A909C82C4D1C020053BFC8 /* Player.swift */; };
		81A909CD2C4D1C020053BFC8 /* Question.swift in Sources */ = {isa = PBXBuildFile; fileRef = 81A909C92C4D1C020053BFC8 /* Question.swift */; };
		81A909D02C4D2A530053BFC8 /* AllQuestionsViewModel.swift in Sources */ = {isa = PBXBuildFile; fileRef = 81A909CF2C4D2A530053BFC8 /* AllQuestionsViewModel.swift */; };
		81A909D32C4D2C160053BFC8 /* QuestionView.swift in Sources */ = {isa = PBXBuildFile; fileRef = 81A909D22C4D2C160053BFC8 /* QuestionView.swift */; };
		81E327A62C4D2C7E0070A39E /* QuestionViewModel.swift in Sources */ = {isa = PBXBuildFile; fileRef = 81E327A52C4D2C7E0070A39E /* QuestionViewModel.swift */; };
		81E327A82C4D2DFC0070A39E /* CreateQuestionView.swift in Sources */ = {isa = PBXBuildFile; fileRef = 81E327A72C4D2DFC0070A39E /* CreateQuestionView.swift */; };
		81E327AA2C4D2E0E0070A39E /* CreateQuestionViewModel.swift in Sources */ = {isa = PBXBuildFile; fileRef = 81E327A92C4D2E0E0070A39E /* CreateQuestionViewModel.swift */; };
/* End PBXBuildFile section */

/* Begin PBXFileReference section */
		81A909932C4D15710053BFC8 /* iVictory-AdminPanel.app */ = {isa = PBXFileReference; explicitFileType = wrapper.application; includeInIndex = 0; path = "iVictory-AdminPanel.app"; sourceTree = BUILT_PRODUCTS_DIR; };
		81A909962C4D15710053BFC8 /* iVictory_AdminPanelApp.swift */ = {isa = PBXFileReference; lastKnownFileType = sourcecode.swift; path = iVictory_AdminPanelApp.swift; sourceTree = "<group>"; };
		81A909982C4D15710053BFC8 /* AllQuestionsView.swift */ = {isa = PBXFileReference; lastKnownFileType = sourcecode.swift; path = AllQuestionsView.swift; sourceTree = "<group>"; };
		81A9099A2C4D15770053BFC8 /* Assets.xcassets */ = {isa = PBXFileReference; lastKnownFileType = folder.assetcatalog; path = Assets.xcassets; sourceTree = "<group>"; };
		81A9099D2C4D15770053BFC8 /* Preview Assets.xcassets */ = {isa = PBXFileReference; lastKnownFileType = folder.assetcatalog; path = "Preview Assets.xcassets"; sourceTree = "<group>"; };
		81A909A42C4D17B80053BFC8 /* GoogleService-Info.plist */ = {isa = PBXFileReference; fileEncoding = 4; lastKnownFileType = text.plist.xml; path = "GoogleService-Info.plist"; sourceTree = "<group>"; };
		81A909AF2C4D19940053BFC8 /* AuthService.swift */ = {isa = PBXFileReference; fileEncoding = 4; lastKnownFileType = sourcecode.swift; path = AuthService.swift; sourceTree = "<group>"; };
		81A909B02C4D19940053BFC8 /* DateHelper.swift */ = {isa = PBXFileReference; fileEncoding = 4; lastKnownFileType = sourcecode.swift; path = DateHelper.swift; sourceTree = "<group>"; };
		81A909B12C4D19940053BFC8 /* FirestoreService.swift */ = {isa = PBXFileReference; fileEncoding = 4; lastKnownFileType = sourcecode.swift; path = FirestoreService.swift; sourceTree = "<group>"; };
		81A909B22C4D19940053BFC8 /* StorageService.swift */ = {isa = PBXFileReference; fileEncoding = 4; lastKnownFileType = sourcecode.swift; path = StorageService.swift; sourceTree = "<group>"; };
		81A909C72C4D1C020053BFC8 /* Game.swift */ = {isa = PBXFileReference; fileEncoding = 4; lastKnownFileType = sourcecode.swift; path = Game.swift; sourceTree = "<group>"; };
		81A909C82C4D1C020053BFC8 /* Player.swift */ = {isa = PBXFileReference; fileEncoding = 4; lastKnownFileType = sourcecode.swift; path = Player.swift; sourceTree = "<group>"; };
		81A909C92C4D1C020053BFC8 /* Question.swift */ = {isa = PBXFileReference; fileEncoding = 4; lastKnownFileType = sourcecode.swift; path = Question.swift; sourceTree = "<group>"; };
		81A909CF2C4D2A530053BFC8 /* AllQuestionsViewModel.swift */ = {isa = PBXFileReference; lastKnownFileType = sourcecode.swift; path = AllQuestionsViewModel.swift; sourceTree = "<group>"; };
		81A909D22C4D2C160053BFC8 /* QuestionView.swift */ = {isa = PBXFileReference; lastKnownFileType = sourcecode.swift; path = QuestionView.swift; sourceTree = "<group>"; };
		81E327A52C4D2C7E0070A39E /* QuestionViewModel.swift */ = {isa = PBXFileReference; lastKnownFileType = sourcecode.swift; path = QuestionViewModel.swift; sourceTree = "<group>"; };
		81E327A72C4D2DFC0070A39E /* CreateQuestionView.swift */ = {isa = PBXFileReference; lastKnownFileType = sourcecode.swift; path = CreateQuestionView.swift; sourceTree = "<group>"; };
		81E327A92C4D2E0E0070A39E /* CreateQuestionViewModel.swift */ = {isa = PBXFileReference; lastKnownFileType = sourcecode.swift; path = CreateQuestionViewModel.swift; sourceTree = "<group>"; };
/* End PBXFileReference section */

/* Begin PBXFrameworksBuildPhase section */
		81A909902C4D15710053BFC8 /* Frameworks */ = {
			isa = PBXFrameworksBuildPhase;
			buildActionMask = 2147483647;
			files = (
				81A909C22C4D1BC50053BFC8 /* FirebaseFirestoreSwift in Frameworks */,
				81A909C62C4D1BC50053BFC8 /* FirebaseStorageCombine-Community in Frameworks */,
				81A909BA2C4D1BC50053BFC8 /* FirebaseAuth in Frameworks */,
				81A909C02C4D1BC50053BFC8 /* FirebaseFirestoreCombine-Community in Frameworks */,
				81A909BC2C4D1BC50053BFC8 /* FirebaseAuthCombine-Community in Frameworks */,
				81A909BE2C4D1BC50053BFC8 /* FirebaseFirestore in Frameworks */,
				81A909C42C4D1BC50053BFC8 /* FirebaseStorage in Frameworks */,
			);
			runOnlyForDeploymentPostprocessing = 0;
		};
/* End PBXFrameworksBuildPhase section */

/* Begin PBXGroup section */
		81A9098A2C4D15710053BFC8 = {
			isa = PBXGroup;
			children = (
				81A909952C4D15710053BFC8 /* iVictory-AdminPanel */,
				81A909942C4D15710053BFC8 /* Products */,
			);
			sourceTree = "<group>";
		};
		81A909942C4D15710053BFC8 /* Products */ = {
			isa = PBXGroup;
			children = (
				81A909932C4D15710053BFC8 /* iVictory-AdminPanel.app */,
			);
			name = Products;
			sourceTree = "<group>";
		};
		81A909952C4D15710053BFC8 /* iVictory-AdminPanel */ = {
			isa = PBXGroup;
			children = (
				81A909962C4D15710053BFC8 /* iVictory_AdminPanelApp.swift */,
				81A909CA2C4D1C020053BFC8 /* Model */,
				81A909CE2C4D2A2E0053BFC8 /* View */,
				81A909D12C4D2A570053BFC8 /* ViewModel */,
				81A9099A2C4D15770053BFC8 /* Assets.xcassets */,
				81A909A42C4D17B80053BFC8 /* GoogleService-Info.plist */,
				81A909B32C4D19940053BFC8 /* Services */,
				81A9099C2C4D15770053BFC8 /* Preview Content */,
			);
			path = "iVictory-AdminPanel";
			sourceTree = "<group>";
		};
		81A9099C2C4D15770053BFC8 /* Preview Content */ = {
			isa = PBXGroup;
			children = (
				81A9099D2C4D15770053BFC8 /* Preview Assets.xcassets */,
			);
			path = "Preview Content";
			sourceTree = "<group>";
		};
		81A909B32C4D19940053BFC8 /* Services */ = {
			isa = PBXGroup;
			children = (
				81A909AF2C4D19940053BFC8 /* AuthService.swift */,
				81A909B02C4D19940053BFC8 /* DateHelper.swift */,
				81A909B12C4D19940053BFC8 /* FirestoreService.swift */,
				81A909B22C4D19940053BFC8 /* StorageService.swift */,
			);
			path = Services;
			sourceTree = "<group>";
		};
		81A909CA2C4D1C020053BFC8 /* Model */ = {
			isa = PBXGroup;
			children = (
				81A909C72C4D1C020053BFC8 /* Game.swift */,
				81A909C82C4D1C020053BFC8 /* Player.swift */,
				81A909C92C4D1C020053BFC8 /* Question.swift */,
			);
			path = Model;
			sourceTree = "<group>";
		};
		81A909CE2C4D2A2E0053BFC8 /* View */ = {
			isa = PBXGroup;
			children = (
				81A909982C4D15710053BFC8 /* AllQuestionsView.swift */,
				81A909D22C4D2C160053BFC8 /* QuestionView.swift */,
				81E327A72C4D2DFC0070A39E /* CreateQuestionView.swift */,
			);
			path = View;
			sourceTree = "<group>";
		};
		81A909D12C4D2A570053BFC8 /* ViewModel */ = {
			isa = PBXGroup;
			children = (
				81A909CF2C4D2A530053BFC8 /* AllQuestionsViewModel.swift */,
				81E327A52C4D2C7E0070A39E /* QuestionViewModel.swift */,
				81E327A92C4D2E0E0070A39E /* CreateQuestionViewModel.swift */,
			);
			path = ViewModel;
			sourceTree = "<group>";
		};
/* End PBXGroup section */

/* Begin PBXNativeTarget section */
		81A909922C4D15710053BFC8 /* iVictory-AdminPanel */ = {
			isa = PBXNativeTarget;
			buildConfigurationList = 81A909A12C4D15770053BFC8 /* Build configuration list for PBXNativeTarget "iVictory-AdminPanel" */;
			buildPhases = (
				81A9098F2C4D15710053BFC8 /* Sources */,
				81A909902C4D15710053BFC8 /* Frameworks */,
				81A909912C4D15710053BFC8 /* Resources */,
			);
			buildRules = (
			);
			dependencies = (
			);
			name = "iVictory-AdminPanel";
			packageProductDependencies = (
				81A909B92C4D1BC50053BFC8 /* FirebaseAuth */,
				81A909BB2C4D1BC50053BFC8 /* FirebaseAuthCombine-Community */,
				81A909BD2C4D1BC50053BFC8 /* FirebaseFirestore */,
				81A909BF2C4D1BC50053BFC8 /* FirebaseFirestoreCombine-Community */,
				81A909C12C4D1BC50053BFC8 /* FirebaseFirestoreSwift */,
				81A909C32C4D1BC50053BFC8 /* FirebaseStorage */,
				81A909C52C4D1BC50053BFC8 /* FirebaseStorageCombine-Community */,
			);
			productName = "iVictory-AdminPanel";
			productReference = 81A909932C4D15710053BFC8 /* iVictory-AdminPanel.app */;
			productType = "com.apple.product-type.application";
		};
/* End PBXNativeTarget section */

/* Begin PBXProject section */
		81A9098B2C4D15710053BFC8 /* Project object */ = {
			isa = PBXProject;
			attributes = {
				BuildIndependentTargetsInParallel = 1;
				LastSwiftUpdateCheck = 1540;
				LastUpgradeCheck = 1540;
				TargetAttributes = {
					81A909922C4D15710053BFC8 = {
						CreatedOnToolsVersion = 15.4;
					};
				};
			};
			buildConfigurationList = 81A9098E2C4D15710053BFC8 /* Build configuration list for PBXProject "iVictory-AdminPanel" */;
			compatibilityVersion = "Xcode 14.0";
			developmentRegion = en;
			hasScannedForEncodings = 0;
			knownRegions = (
				en,
				Base,
			);
			mainGroup = 81A9098A2C4D15710053BFC8;
			packageReferences = (
				81A909B82C4D1BC50053BFC8 /* XCRemoteSwiftPackageReference "firebase-ios-sdk" */,
			);
			productRefGroup = 81A909942C4D15710053BFC8 /* Products */;
			projectDirPath = "";
			projectRoot = "";
			targets = (
				81A909922C4D15710053BFC8 /* iVictory-AdminPanel */,
			);
		};
/* End PBXProject section */

/* Begin PBXResourcesBuildPhase section */
		81A909912C4D15710053BFC8 /* Resources */ = {
			isa = PBXResourcesBuildPhase;
			buildActionMask = 2147483647;
			files = (
				81A9099E2C4D15770053BFC8 /* Preview Assets.xcassets in Resources */,
				81A9099B2C4D15770053BFC8 /* Assets.xcassets in Resources */,
				81A909A52C4D17B80053BFC8 /* GoogleService-Info.plist in Resources */,
			);
			runOnlyForDeploymentPostprocessing = 0;
		};
/* End PBXResourcesBuildPhase section */

/* Begin PBXSourcesBuildPhase section */
		81A9098F2C4D15710053BFC8 /* Sources */ = {
			isa = PBXSourcesBuildPhase;
			buildActionMask = 2147483647;
			files = (
				81A909B42C4D19940053BFC8 /* AuthService.swift in Sources */,
				81A909B72C4D19940053BFC8 /* StorageService.swift in Sources */,
				81A909CB2C4D1C020053BFC8 /* Game.swift in Sources */,
				81A909CD2C4D1C020053BFC8 /* Question.swift in Sources */,
				81A909B62C4D19940053BFC8 /* FirestoreService.swift in Sources */,
				81A909CC2C4D1C020053BFC8 /* Player.swift in Sources */,
				81A909D02C4D2A530053BFC8 /* AllQuestionsViewModel.swift in Sources */,
				81A909D32C4D2C160053BFC8 /* QuestionView.swift in Sources */,
				81A909B52C4D19940053BFC8 /* DateHelper.swift in Sources */,
				81A909992C4D15710053BFC8 /* AllQuestionsView.swift in Sources */,
				81E327A62C4D2C7E0070A39E /* QuestionViewModel.swift in Sources */,
				81E327A82C4D2DFC0070A39E /* CreateQuestionView.swift in Sources */,
				81E327AA2C4D2E0E0070A39E /* CreateQuestionViewModel.swift in Sources */,
				81A909972C4D15710053BFC8 /* iVictory_AdminPanelApp.swift in Sources */,
			);
			runOnlyForDeploymentPostprocessing = 0;
		};
/* End PBXSourcesBuildPhase section */

/* Begin XCBuildConfiguration section */
		81A9099F2C4D15770053BFC8 /* Debug */ = {
			isa = XCBuildConfiguration;
			buildSettings = {
				ALWAYS_SEARCH_USER_PATHS = NO;
				ASSETCATALOG_COMPILER_GENERATE_SWIFT_ASSET_SYMBOL_EXTENSIONS = YES;
				CLANG_ANALYZER_NONNULL = YES;
				CLANG_ANALYZER_NUMBER_OBJECT_CONVERSION = YES_AGGRESSIVE;
				CLANG_CXX_LANGUAGE_STANDARD = "gnu++20";
				CLANG_ENABLE_MODULES = YES;
				CLANG_ENABLE_OBJC_ARC = YES;
				CLANG_ENABLE_OBJC_WEAK = YES;
				CLANG_WARN_BLOCK_CAPTURE_AUTORELEASING = YES;
				CLANG_WARN_BOOL_CONVERSION = YES;
				CLANG_WARN_COMMA = YES;
				CLANG_WARN_CONSTANT_CONVERSION = YES;
				CLANG_WARN_DEPRECATED_OBJC_IMPLEMENTATIONS = YES;
				CLANG_WARN_DIRECT_OBJC_ISA_USAGE = YES_ERROR;
				CLANG_WARN_DOCUMENTATION_COMMENTS = YES;
				CLANG_WARN_EMPTY_BODY = YES;
				CLANG_WARN_ENUM_CONVERSION = YES;
				CLANG_WARN_INFINITE_RECURSION = YES;
				CLANG_WARN_INT_CONVERSION = YES;
				CLANG_WARN_NON_LITERAL_NULL_CONVERSION = YES;
				CLANG_WARN_OBJC_IMPLICIT_RETAIN_SELF = YES;
				CLANG_WARN_OBJC_LITERAL_CONVERSION = YES;
				CLANG_WARN_OBJC_ROOT_CLASS = YES_ERROR;
				CLANG_WARN_QUOTED_INCLUDE_IN_FRAMEWORK_HEADER = YES;
				CLANG_WARN_RANGE_LOOP_ANALYSIS = YES;
				CLANG_WARN_STRICT_PROTOTYPES = YES;
				CLANG_WARN_SUSPICIOUS_MOVE = YES;
				CLANG_WARN_UNGUARDED_AVAILABILITY = YES_AGGRESSIVE;
				CLANG_WARN_UNREACHABLE_CODE = YES;
				CLANG_WARN__DUPLICATE_METHOD_MATCH = YES;
				COPY_PHASE_STRIP = NO;
				DEBUG_INFORMATION_FORMAT = dwarf;
				ENABLE_STRICT_OBJC_MSGSEND = YES;
				ENABLE_TESTABILITY = YES;
				ENABLE_USER_SCRIPT_SANDBOXING = YES;
				GCC_C_LANGUAGE_STANDARD = gnu17;
				GCC_DYNAMIC_NO_PIC = NO;
				GCC_NO_COMMON_BLOCKS = YES;
				GCC_OPTIMIZATION_LEVEL = 0;
				GCC_PREPROCESSOR_DEFINITIONS = (
					"DEBUG=1",
					"$(inherited)",
				);
				GCC_WARN_64_TO_32_BIT_CONVERSION = YES;
				GCC_WARN_ABOUT_RETURN_TYPE = YES_ERROR;
				GCC_WARN_UNDECLARED_SELECTOR = YES;
				GCC_WARN_UNINITIALIZED_AUTOS = YES_AGGRESSIVE;
				GCC_WARN_UNUSED_FUNCTION = YES;
				GCC_WARN_UNUSED_VARIABLE = YES;
				IPHONEOS_DEPLOYMENT_TARGET = 17.5;
				LOCALIZATION_PREFERS_STRING_CATALOGS = YES;
				MTL_ENABLE_DEBUG_INFO = INCLUDE_SOURCE;
				MTL_FAST_MATH = YES;
				ONLY_ACTIVE_ARCH = YES;
				SDKROOT = iphoneos;
				SWIFT_ACTIVE_COMPILATION_CONDITIONS = "DEBUG $(inherited)";
				SWIFT_OPTIMIZATION_LEVEL = "-Onone";
			};
			name = Debug;
		};
		81A909A02C4D15770053BFC8 /* Release */ = {
			isa = XCBuildConfiguration;
			buildSettings = {
				ALWAYS_SEARCH_USER_PATHS = NO;
				ASSETCATALOG_COMPILER_GENERATE_SWIFT_ASSET_SYMBOL_EXTENSIONS = YES;
				CLANG_ANALYZER_NONNULL = YES;
				CLANG_ANALYZER_NUMBER_OBJECT_CONVERSION = YES_AGGRESSIVE;
				CLANG_CXX_LANGUAGE_STANDARD = "gnu++20";
				CLANG_ENABLE_MODULES = YES;
				CLANG_ENABLE_OBJC_ARC = YES;
				CLANG_ENABLE_OBJC_WEAK = YES;
				CLANG_WARN_BLOCK_CAPTURE_AUTORELEASING = YES;
				CLANG_WARN_BOOL_CONVERSION = YES;
				CLANG_WARN_COMMA = YES;
				CLANG_WARN_CONSTANT_CONVERSION = YES;
				CLANG_WARN_DEPRECATED_OBJC_IMPLEMENTATIONS = YES;
				CLANG_WARN_DIRECT_OBJC_ISA_USAGE = YES_ERROR;
				CLANG_WARN_DOCUMENTATION_COMMENTS = YES;
				CLANG_WARN_EMPTY_BODY = YES;
				CLANG_WARN_ENUM_CONVERSION = YES;
				CLANG_WARN_INFINITE_RECURSION = YES;
				CLANG_WARN_INT_CONVERSION = YES;
				CLANG_WARN_NON_LITERAL_NULL_CONVERSION = YES;
				CLANG_WARN_OBJC_IMPLICIT_RETAIN_SELF = YES;
				CLANG_WARN_OBJC_LITERAL_CONVERSION = YES;
				CLANG_WARN_OBJC_ROOT_CLASS = YES_ERROR;
				CLANG_WARN_QUOTED_INCLUDE_IN_FRAMEWORK_HEADER = YES;
				CLANG_WARN_RANGE_LOOP_ANALYSIS = YES;
				CLANG_WARN_STRICT_PROTOTYPES = YES;
				CLANG_WARN_SUSPICIOUS_MOVE = YES;
				CLANG_WARN_UNGUARDED_AVAILABILITY = YES_AGGRESSIVE;
				CLANG_WARN_UNREACHABLE_CODE = YES;
				CLANG_WARN__DUPLICATE_METHOD_MATCH = YES;
				COPY_PHASE_STRIP = NO;
				DEBUG_INFORMATION_FORMAT = "dwarf-with-dsym";
				ENABLE_NS_ASSERTIONS = NO;
				ENABLE_STRICT_OBJC_MSGSEND = YES;
				ENABLE_USER_SCRIPT_SANDBOXING = YES;
				GCC_C_LANGUAGE_STANDARD = gnu17;
				GCC_NO_COMMON_BLOCKS = YES;
				GCC_WARN_64_TO_32_BIT_CONVERSION = YES;
				GCC_WARN_ABOUT_RETURN_TYPE = YES_ERROR;
				GCC_WARN_UNDECLARED_SELECTOR = YES;
				GCC_WARN_UNINITIALIZED_AUTOS = YES_AGGRESSIVE;
				GCC_WARN_UNUSED_FUNCTION = YES;
				GCC_WARN_UNUSED_VARIABLE = YES;
				IPHONEOS_DEPLOYMENT_TARGET = 17.5;
				LOCALIZATION_PREFERS_STRING_CATALOGS = YES;
				MTL_ENABLE_DEBUG_INFO = NO;
				MTL_FAST_MATH = YES;
				SDKROOT = iphoneos;
				SWIFT_COMPILATION_MODE = wholemodule;
				VALIDATE_PRODUCT = YES;
			};
			name = Release;
		};
		81A909A22C4D15770053BFC8 /* Debug */ = {
			isa = XCBuildConfiguration;
			buildSettings = {
				ASSETCATALOG_COMPILER_APPICON_NAME = AppIcon;
				ASSETCATALOG_COMPILER_GLOBAL_ACCENT_COLOR_NAME = AccentColor;
				CODE_SIGN_STYLE = Automatic;
				CURRENT_PROJECT_VERSION = 1;
				DEVELOPMENT_ASSET_PATHS = "\"iVictory-AdminPanel/Preview Content\"";
				DEVELOPMENT_TEAM = D7T3X3Y5K7;
				ENABLE_PREVIEWS = YES;
				GENERATE_INFOPLIST_FILE = YES;
				INFOPLIST_KEY_UIApplicationSceneManifest_Generation = YES;
				INFOPLIST_KEY_UIApplicationSupportsIndirectInputEvents = YES;
				INFOPLIST_KEY_UILaunchScreen_Generation = YES;
				INFOPLIST_KEY_UISupportedInterfaceOrientations_iPad = "UIInterfaceOrientationPortrait UIInterfaceOrientationPortraitUpsideDown UIInterfaceOrientationLandscapeLeft UIInterfaceOrientationLandscapeRight";
				INFOPLIST_KEY_UISupportedInterfaceOrientations_iPhone = "UIInterfaceOrientationPortrait UIInterfaceOrientationLandscapeLeft UIInterfaceOrientationLandscapeRight";
				LD_RUNPATH_SEARCH_PATHS = (
					"$(inherited)",
					"@executable_path/Frameworks",
				);
				MARKETING_VERSION = 1.0;
				PRODUCT_BUNDLE_IDENTIFIER = "com.artkamadi.iVictory-AdminPanel";
				PRODUCT_NAME = "$(TARGET_NAME)";
				SWIFT_EMIT_LOC_STRINGS = YES;
				SWIFT_VERSION = 5.0;
				TARGETED_DEVICE_FAMILY = "1,2";
			};
			name = Debug;
		};
		81A909A32C4D15770053BFC8 /* Release */ = {
			isa = XCBuildConfiguration;
			buildSettings = {
				ASSETCATALOG_COMPILER_APPICON_NAME = AppIcon;
				ASSETCATALOG_COMPILER_GLOBAL_ACCENT_COLOR_NAME = AccentColor;
				CODE_SIGN_STYLE = Automatic;
				CURRENT_PROJECT_VERSION = 1;
				DEVELOPMENT_ASSET_PATHS = "\"iVictory-AdminPanel/Preview Content\"";
				DEVELOPMENT_TEAM = D7T3X3Y5K7;
				ENABLE_PREVIEWS = YES;
				GENERATE_INFOPLIST_FILE = YES;
				INFOPLIST_KEY_UIApplicationSceneManifest_Generation = YES;
				INFOPLIST_KEY_UIApplicationSupportsIndirectInputEvents = YES;
				INFOPLIST_KEY_UILaunchScreen_Generation = YES;
				INFOPLIST_KEY_UISupportedInterfaceOrientations_iPad = "UIInterfaceOrientationPortrait UIInterfaceOrientationPortraitUpsideDown UIInterfaceOrientationLandscapeLeft UIInterfaceOrientationLandscapeRight";
				INFOPLIST_KEY_UISupportedInterfaceOrientations_iPhone = "UIInterfaceOrientationPortrait UIInterfaceOrientationLandscapeLeft UIInterfaceOrientationLandscapeRight";
				LD_RUNPATH_SEARCH_PATHS = (
					"$(inherited)",
					"@executable_path/Frameworks",
				);
				MARKETING_VERSION = 1.0;
				PRODUCT_BUNDLE_IDENTIFIER = "com.artkamadi.iVictory-AdminPanel";
				PRODUCT_NAME = "$(TARGET_NAME)";
				SWIFT_EMIT_LOC_STRINGS = YES;
				SWIFT_VERSION = 5.0;
				TARGETED_DEVICE_FAMILY = "1,2";
			};
			name = Release;
		};
/* End XCBuildConfiguration section */

/* Begin XCConfigurationList section */
		81A9098E2C4D15710053BFC8 /* Build configuration list for PBXProject "iVictory-AdminPanel" */ = {
			isa = XCConfigurationList;
			buildConfigurations = (
				81A9099F2C4D15770053BFC8 /* Debug */,
				81A909A02C4D15770053BFC8 /* Release */,
			);
			defaultConfigurationIsVisible = 0;
			defaultConfigurationName = Release;
		};
		81A909A12C4D15770053BFC8 /* Build configuration list for PBXNativeTarget "iVictory-AdminPanel" */ = {
			isa = XCConfigurationList;
			buildConfigurations = (
				81A909A22C4D15770053BFC8 /* Debug */,
				81A909A32C4D15770053BFC8 /* Release */,
			);
			defaultConfigurationIsVisible = 0;
			defaultConfigurationName = Release;
		};
/* End XCConfigurationList section */

/* Begin XCRemoteSwiftPackageReference section */
		81A909B82C4D1BC50053BFC8 /* XCRemoteSwiftPackageReference "firebase-ios-sdk" */ = {
			isa = XCRemoteSwiftPackageReference;
			repositoryURL = "https://github.com/firebase/firebase-ios-sdk";
			requirement = {
				kind = upToNextMajorVersion;
				minimumVersion = 10.29.0;
			};
		};
/* End XCRemoteSwiftPackageReference section */

/* Begin XCSwiftPackageProductDependency section */
		81A909B92C4D1BC50053BFC8 /* FirebaseAuth */ = {
			isa = XCSwiftPackageProductDependency;
			package = 81A909B82C4D1BC50053BFC8 /* XCRemoteSwiftPackageReference "firebase-ios-sdk" */;
			productName = FirebaseAuth;
		};
		81A909BB2C4D1BC50053BFC8 /* FirebaseAuthCombine-Community */ = {
			isa = XCSwiftPackageProductDependency;
			package = 81A909B82C4D1BC50053BFC8 /* XCRemoteSwiftPackageReference "firebase-ios-sdk" */;
			productName = "FirebaseAuthCombine-Community";
		};
		81A909BD2C4D1BC50053BFC8 /* FirebaseFirestore */ = {
			isa = XCSwiftPackageProductDependency;
			package = 81A909B82C4D1BC50053BFC8 /* XCRemoteSwiftPackageReference "firebase-ios-sdk" */;
			productName = FirebaseFirestore;
		};
		81A909BF2C4D1BC50053BFC8 /* FirebaseFirestoreCombine-Community */ = {
			isa = XCSwiftPackageProductDependency;
			package = 81A909B82C4D1BC50053BFC8 /* XCRemoteSwiftPackageReference "firebase-ios-sdk" */;
			productName = "FirebaseFirestoreCombine-Community";
		};
		81A909C12C4D1BC50053BFC8 /* FirebaseFirestoreSwift */ = {
			isa = XCSwiftPackageProductDependency;
			package = 81A909B82C4D1BC50053BFC8 /* XCRemoteSwiftPackageReference "firebase-ios-sdk" */;
			productName = FirebaseFirestoreSwift;
		};
		81A909C32C4D1BC50053BFC8 /* FirebaseStorage */ = {
			isa = XCSwiftPackageProductDependency;
			package = 81A909B82C4D1BC50053BFC8 /* XCRemoteSwiftPackageReference "firebase-ios-sdk" */;
			productName = FirebaseStorage;
		};
		81A909C52C4D1BC50053BFC8 /* FirebaseStorageCombine-Community */ = {
			isa = XCSwiftPackageProductDependency;
			package = 81A909B82C4D1BC50053BFC8 /* XCRemoteSwiftPackageReference "firebase-ios-sdk" */;
			productName = "FirebaseStorageCombine-Community";
		};
/* End XCSwiftPackageProductDependency section */
	};
	rootObject = 81A9098B2C4D15710053BFC8 /* Project object */;
}
